{
  "name": "@myorg/db",
  "version": "1.0.0",
  "lockfileVersion": 3,
  "requires": true,
  "packages": {
    "": {
      "name": "@myorg/db",
      "version": "1.0.0",
      "dependencies": {
        "@prisma/client": "^6.11.1",
        "prisma": "^6.11.1"
      }
    },
    "node_modules/@prisma/client": {
      "version": "6.11.1",
      "hasInstallScript": true,
      "license": "Apache-2.0",
      "engines": {
        "node": ">=18.18"
      },
      "peerDependencies": {
        "prisma": "*",
        "typescript": ">=5.1.0"
      },
      "peerDependenciesMeta": {
        "prisma": {
          "optional": true
        },
        "typescript": {
          "optional": true
        }
      }
    },
    "node_modules/@prisma/config": {
      "version": "6.11.1",
      "license": "Apache-2.0",
      "dependencies": {
        "jiti": "2.4.2"
      }
    },
    "node_modules/@prisma/debug": {
      "version": "6.11.1",
      "license": "Apache-2.0"
    },
    "node_modules/@prisma/engines": {
      "version": "6.11.1",
      "hasInstallScript": true,
      "license": "Apache-2.0",
      "dependencies": {
        "@prisma/debug": "6.11.1",
        "@prisma/engines-version": "6.11.1-1.f40f79ec31188888a2e33acda0ecc8fd10a853a9",
        "@prisma/fetch-engine": "6.11.1",
        "@prisma/get-platform": "6.11.1"
      }
    },
    "node_modules/@prisma/engines-version": {
      "version": "6.11.1-1.f40f79ec31188888a2e33acda0ecc8fd10a853a9",
      "license": "Apache-2.0"
    },
    "node_modules/@prisma/fetch-engine": {
      "version": "6.11.1",
      "license": "Apache-2.0",
      "dependencies": {
        "@prisma/debug": "6.11.1",
        "@prisma/engines-version": "6.11.1-1.f40f79ec31188888a2e33acda0ecc8fd10a853a9",
        "@prisma/get-platform": "6.11.1"
      }
    },
    "node_modules/@prisma/get-platform": {
      "version": "6.11.1",
      "license": "Apache-2.0",
      "dependencies": {
        "@prisma/debug": "6.11.1"
      }
    },
    "node_modules/jiti": {
      "version": "2.4.2",
      "license": "MIT",
      "bin": {
        "jiti": "lib/jiti-cli.mjs"
      }
    },
    "node_modules/prisma": {
      "version": "6.11.1",
      "hasInstallScript": true,
      "license": "Apache-2.0",
      "dependencies": {
        "@prisma/config": "6.11.1",
        "@prisma/engines": "6.11.1"
      },
      "bin": {
        "prisma": "build/index.js"
      },
      "engines": {
        "node": ">=18.18"
      },
      "peerDependencies": {
        "typescript": ">=5.1.0"
      },
      "peerDependenciesMeta": {
        "typescript": {
          "optional": true
        }
      }
    }
  }
}
